// !$*UTF8*$!
{
	archiveVersion = 1;
	classes = {
	};
	objectVersion = 56;
	objects = {

/* Begin PBXBuildFile section */
		4BF6254B2C63D1B700FF77B9 /* OnlineShopApp.swift in Sources */ = {isa = PBXBuildFile; fileRef = 4BF6254A2C63D1B700FF77B9 /* OnlineShopApp.swift */; };
		4BF6254D2C63D1B700FF77B9 /* MainView.swift in Sources */ = {isa = PBXBuildFile; fileRef = 4BF6254C2C63D1B700FF77B9 /* MainView.swift */; };
		4BF6254F2C63D1B800FF77B9 /* Assets.xcassets in Resources */ = {isa = PBXBuildFile; fileRef = 4BF6254E2C63D1B800FF77B9 /* Assets.xcassets */; };
		4BF625522C63D1B800FF77B9 /* Preview Assets.xcassets in Resources */ = {isa = PBXBuildFile; fileRef = 4BF625512C63D1B800FF77B9 /* Preview Assets.xcassets */; };
		4BF625592C63D41900FF77B9 /* GoogleService-Info.plist in Resources */ = {isa = PBXBuildFile; fileRef = 4BF625582C63D41900FF77B9 /* GoogleService-Info.plist */; };
		4BF625662C63D84C00FF77B9 /* Product.swift in Sources */ = {isa = PBXBuildFile; fileRef = 4BF625652C63D84C00FF77B9 /* Product.swift */; };
		4BF625732C63E06400FF77B9 /* FirebaseAnalytics in Frameworks */ = {isa = PBXBuildFile; productRef = 4BF625722C63E06400FF77B9 /* FirebaseAnalytics */; };
		4BF625752C63E06400FF77B9 /* FirebaseAnalyticsOnDeviceConversion in Frameworks */ = {isa = PBXBuildFile; productRef = 4BF625742C63E06400FF77B9 /* FirebaseAnalyticsOnDeviceConversion */; };
		4BF625772C63E06400FF77B9 /* FirebaseAnalyticsWithoutAdIdSupport in Frameworks */ = {isa = PBXBuildFile; productRef = 4BF625762C63E06400FF77B9 /* FirebaseAnalyticsWithoutAdIdSupport */; };
		4BF625792C63E06400FF77B9 /* FirebaseAppCheck in Frameworks */ = {isa = PBXBuildFile; productRef = 4BF625782C63E06400FF77B9 /* FirebaseAppCheck */; };
		4BF6257B2C63E06400FF77B9 /* FirebaseAppDistribution-Beta in Frameworks */ = {isa = PBXBuildFile; productRef = 4BF6257A2C63E06400FF77B9 /* FirebaseAppDistribution-Beta */; };
		4BF6257D2C63E06400FF77B9 /* FirebaseAuth in Frameworks */ = {isa = PBXBuildFile; productRef = 4BF6257C2C63E06400FF77B9 /* FirebaseAuth */; };
		4BF6257F2C63E06400FF77B9 /* FirebaseAuthCombine-Community in Frameworks */ = {isa = PBXBuildFile; productRef = 4BF6257E2C63E06400FF77B9 /* FirebaseAuthCombine-Community */; };
		4BF625812C63E06400FF77B9 /* FirebaseCrashlytics in Frameworks */ = {isa = PBXBuildFile; productRef = 4BF625802C63E06400FF77B9 /* FirebaseCrashlytics */; };
		4BF625832C63E06400FF77B9 /* FirebaseDatabase in Frameworks */ = {isa = PBXBuildFile; productRef = 4BF625822C63E06400FF77B9 /* FirebaseDatabase */; };
		4BF625852C63E06400FF77B9 /* FirebaseDynamicLinks in Frameworks */ = {isa = PBXBuildFile; productRef = 4BF625842C63E06400FF77B9 /* FirebaseDynamicLinks */; };
		4BF625872C63E06400FF77B9 /* FirebaseFirestore in Frameworks */ = {isa = PBXBuildFile; productRef = 4BF625862C63E06400FF77B9 /* FirebaseFirestore */; };
		4BF625892C63E06400FF77B9 /* FirebaseFirestoreCombine-Community in Frameworks */ = {isa = PBXBuildFile; productRef = 4BF625882C63E06400FF77B9 /* FirebaseFirestoreCombine-Community */; };
		4BF6258B2C63E06400FF77B9 /* FirebaseFunctions in Frameworks */ = {isa = PBXBuildFile; productRef = 4BF6258A2C63E06400FF77B9 /* FirebaseFunctions */; };
		4BF6258D2C63E06400FF77B9 /* FirebaseFunctionsCombine-Community in Frameworks */ = {isa = PBXBuildFile; productRef = 4BF6258C2C63E06400FF77B9 /* FirebaseFunctionsCombine-Community */; };
		4BF6258F2C63E06400FF77B9 /* FirebaseInAppMessaging-Beta in Frameworks */ = {isa = PBXBuildFile; productRef = 4BF6258E2C63E06400FF77B9 /* FirebaseInAppMessaging-Beta */; };
		4BF625912C63E06400FF77B9 /* FirebaseInstallations in Frameworks */ = {isa = PBXBuildFile; productRef = 4BF625902C63E06400FF77B9 /* FirebaseInstallations */; };
		4BF625932C63E06400FF77B9 /* FirebaseMLModelDownloader in Frameworks */ = {isa = PBXBuildFile; productRef = 4BF625922C63E06400FF77B9 /* FirebaseMLModelDownloader */; };
		4BF625952C63E06400FF77B9 /* FirebaseMessaging in Frameworks */ = {isa = PBXBuildFile; productRef = 4BF625942C63E06400FF77B9 /* FirebaseMessaging */; };
		4BF625972C63E06400FF77B9 /* FirebasePerformance in Frameworks */ = {isa = PBXBuildFile; productRef = 4BF625962C63E06400FF77B9 /* FirebasePerformance */; };
		4BF625992C63E06400FF77B9 /* FirebaseRemoteConfig in Frameworks */ = {isa = PBXBuildFile; productRef = 4BF625982C63E06400FF77B9 /* FirebaseRemoteConfig */; };
		4BF6259B2C63E06400FF77B9 /* FirebaseStorage in Frameworks */ = {isa = PBXBuildFile; productRef = 4BF6259A2C63E06400FF77B9 /* FirebaseStorage */; };
		4BF6259D2C63E06400FF77B9 /* FirebaseStorageCombine-Community in Frameworks */ = {isa = PBXBuildFile; productRef = 4BF6259C2C63E06400FF77B9 /* FirebaseStorageCombine-Community */; };
		4BF6259F2C63E06400FF77B9 /* FirebaseVertexAI-Preview in Frameworks */ = {isa = PBXBuildFile; productRef = 4BF6259E2C63E06400FF77B9 /* FirebaseVertexAI-Preview */; };
		4BF625A12C64FE1200FF77B9 /* FavoritesView.swift in Sources */ = {isa = PBXBuildFile; fileRef = 4BF625A02C64FE1200FF77B9 /* FavoritesView.swift */; };
		4BF625A32C64FE1D00FF77B9 /* CartView.swift in Sources */ = {isa = PBXBuildFile; fileRef = 4BF625A22C64FE1D00FF77B9 /* CartView.swift */; };
		4BF625A52C64FFC400FF77B9 /* ProductCartView.swift in Sources */ = {isa = PBXBuildFile; fileRef = 4BF625A42C64FFC400FF77B9 /* ProductCartView.swift */; };
		4BF625A72C65062400FF77B9 /* CartImageView.swift in Sources */ = {isa = PBXBuildFile; fileRef = 4BF625A62C65062400FF77B9 /* CartImageView.swift */; };
/* End PBXBuildFile section */

/* Begin PBXFileReference section */
		4BF625472C63D1B700FF77B9 /* OnlineShop.app */ = {isa = PBXFileReference; explicitFileType = wrapper.application; includeInIndex = 0; path = OnlineShop.app; sourceTree = BUILT_PRODUCTS_DIR; };
		4BF6254A2C63D1B700FF77B9 /* OnlineShopApp.swift */ = {isa = PBXFileReference; lastKnownFileType = sourcecode.swift; path = OnlineShopApp.swift; sourceTree = "<group>"; };
		4BF6254C2C63D1B700FF77B9 /* MainView.swift */ = {isa = PBXFileReference; lastKnownFileType = sourcecode.swift; path = MainView.swift; sourceTree = "<group>"; };
		4BF6254E2C63D1B800FF77B9 /* Assets.xcassets */ = {isa = PBXFileReference; lastKnownFileType = folder.assetcatalog; path = Assets.xcassets; sourceTree = "<group>"; };
		4BF625512C63D1B800FF77B9 /* Preview Assets.xcassets */ = {isa = PBXFileReference; lastKnownFileType = folder.assetcatalog; path = "Preview Assets.xcassets"; sourceTree = "<group>"; };
		4BF625582C63D41900FF77B9 /* GoogleService-Info.plist */ = {isa = PBXFileReference; fileEncoding = 4; lastKnownFileType = text.plist.xml; path = "GoogleService-Info.plist"; sourceTree = "<group>"; };
		4BF625652C63D84C00FF77B9 /* Product.swift */ = {isa = PBXFileReference; lastKnownFileType = sourcecode.swift; path = Product.swift; sourceTree = "<group>"; };
		4BF625A02C64FE1200FF77B9 /* FavoritesView.swift */ = {isa = PBXFileReference; lastKnownFileType = sourcecode.swift; path = FavoritesView.swift; sourceTree = "<group>"; };
		4BF625A22C64FE1D00FF77B9 /* CartView.swift */ = {isa = PBXFileReference; lastKnownFileType = sourcecode.swift; path = CartView.swift; sourceTree = "<group>"; };
		4BF625A42C64FFC400FF77B9 /* ProductCartView.swift */ = {isa = PBXFileReference; lastKnownFileType = sourcecode.swift; path = ProductCartView.swift; sourceTree = "<group>"; };
		4BF625A62C65062400FF77B9 /* CartImageView.swift */ = {isa = PBXFileReference; lastKnownFileType = sourcecode.swift; path = CartImageView.swift; sourceTree = "<group>"; };
/* End PBXFileReference section */

/* Begin PBXFrameworksBuildPhase section */
		4BF625442C63D1B700FF77B9 /* Frameworks */ = {
			isa = PBXFrameworksBuildPhase;
			buildActionMask = 2147483647;
			files = (
				4BF6259D2C63E06400FF77B9 /* FirebaseStorageCombine-Community in Frameworks */,
				4BF625952C63E06400FF77B9 /* FirebaseMessaging in Frameworks */,
				4BF625932C63E06400FF77B9 /* FirebaseMLModelDownloader in Frameworks */,
				4BF625792C63E06400FF77B9 /* FirebaseAppCheck in Frameworks */,
				4BF6257D2C63E06400FF77B9 /* FirebaseAuth in Frameworks */,
				4BF625732C63E06400FF77B9 /* FirebaseAnalytics in Frameworks */,
				4BF6257B2C63E06400FF77B9 /* FirebaseAppDistribution-Beta in Frameworks */,
				4BF625772C63E06400FF77B9 /* FirebaseAnalyticsWithoutAdIdSupport in Frameworks */,
				4BF625812C63E06400FF77B9 /* FirebaseCrashlytics in Frameworks */,
				4BF625832C63E06400FF77B9 /* FirebaseDatabase in Frameworks */,
				4BF6258D2C63E06400FF77B9 /* FirebaseFunctionsCombine-Community in Frameworks */,
				4BF6257F2C63E06400FF77B9 /* FirebaseAuthCombine-Community in Frameworks */,
				4BF6259B2C63E06400FF77B9 /* FirebaseStorage in Frameworks */,
				4BF625752C63E06400FF77B9 /* FirebaseAnalyticsOnDeviceConversion in Frameworks */,
				4BF6258B2C63E06400FF77B9 /* FirebaseFunctions in Frameworks */,
				4BF625912C63E06400FF77B9 /* FirebaseInstallations in Frameworks */,
				4BF625972C63E06400FF77B9 /* FirebasePerformance in Frameworks */,
				4BF625892C63E06400FF77B9 /* FirebaseFirestoreCombine-Community in Frameworks */,
				4BF625872C63E06400FF77B9 /* FirebaseFirestore in Frameworks */,
				4BF625852C63E06400FF77B9 /* FirebaseDynamicLinks in Frameworks */,
				4BF6258F2C63E06400FF77B9 /* FirebaseInAppMessaging-Beta in Frameworks */,
				4BF6259F2C63E06400FF77B9 /* FirebaseVertexAI-Preview in Frameworks */,
				4BF625992C63E06400FF77B9 /* FirebaseRemoteConfig in Frameworks */,
			);
			runOnlyForDeploymentPostprocessing = 0;
		};
/* End PBXFrameworksBuildPhase section */

/* Begin PBXGroup section */
		4BF6253E2C63D1B700FF77B9 = {
			isa = PBXGroup;
			children = (
				4BF625492C63D1B700FF77B9 /* OnlineShop */,
				4BF625482C63D1B700FF77B9 /* Products */,
				4BF6255C2C63D7AC00FF77B9 /* Frameworks */,
			);
			sourceTree = "<group>";
		};
		4BF625482C63D1B700FF77B9 /* Products */ = {
			isa = PBXGroup;
			children = (
				4BF625472C63D1B700FF77B9 /* OnlineShop.app */,
			);
			name = Products;
			sourceTree = "<group>";
		};
		4BF625492C63D1B700FF77B9 /* OnlineShop */ = {
			isa = PBXGroup;
			children = (
				4BF6254A2C63D1B700FF77B9 /* OnlineShopApp.swift */,
				4BF6254C2C63D1B700FF77B9 /* MainView.swift */,
				4BF625A42C64FFC400FF77B9 /* ProductCartView.swift */,
				4BF625A62C65062400FF77B9 /* CartImageView.swift */,
				4BF625652C63D84C00FF77B9 /* Product.swift */,
				4BF6254E2C63D1B800FF77B9 /* Assets.xcassets */,
				4BF625582C63D41900FF77B9 /* GoogleService-Info.plist */,
				4BF625502C63D1B800FF77B9 /* Preview Content */,
				4BF625A02C64FE1200FF77B9 /* FavoritesView.swift */,
				4BF625A22C64FE1D00FF77B9 /* CartView.swift */,
			);
			path = OnlineShop;
			sourceTree = "<group>";
		};
		4BF625502C63D1B800FF77B9 /* Preview Content */ = {
			isa = PBXGroup;
			children = (
				4BF625512C63D1B800FF77B9 /* Preview Assets.xcassets */,
			);
			path = "Preview Content";
			sourceTree = "<group>";
		};
		4BF6255C2C63D7AC00FF77B9 /* Frameworks */ = {
			isa = PBXGroup;
			children = (
			);
			name = Frameworks;
			sourceTree = "<group>";
		};
/* End PBXGroup section */

/* Begin PBXNativeTarget section */
		4BF625462C63D1B700FF77B9 /* OnlineShop */ = {
			isa = PBXNativeTarget;
			buildConfigurationList = 4BF625552C63D1B800FF77B9 /* Build configuration list for PBXNativeTarget "OnlineShop" */;
			buildPhases = (
				4BF625432C63D1B700FF77B9 /* Sources */,
				4BF625442C63D1B700FF77B9 /* Frameworks */,
				4BF625452C63D1B700FF77B9 /* Resources */,
			);
			buildRules = (
			);
			dependencies = (
			);
			name = OnlineShop;
			packageProductDependencies = (
				4BF625722C63E06400FF77B9 /* FirebaseAnalytics */,
				4BF625742C63E06400FF77B9 /* FirebaseAnalyticsOnDeviceConversion */,
				4BF625762C63E06400FF77B9 /* FirebaseAnalyticsWithoutAdIdSupport */,
				4BF625782C63E06400FF77B9 /* FirebaseAppCheck */,
				4BF6257A2C63E06400FF77B9 /* FirebaseAppDistribution-Beta */,
				4BF6257C2C63E06400FF77B9 /* FirebaseAuth */,
				4BF6257E2C63E06400FF77B9 /* FirebaseAuthCombine-Community */,
				4BF625802C63E06400FF77B9 /* FirebaseCrashlytics */,
				4BF625822C63E06400FF77B9 /* FirebaseDatabase */,
				4BF625842C63E06400FF77B9 /* FirebaseDynamicLinks */,
				4BF625862C63E06400FF77B9 /* FirebaseFirestore */,
				4BF625882C63E06400FF77B9 /* FirebaseFirestoreCombine-Community */,
				4BF6258A2C63E06400FF77B9 /* FirebaseFunctions */,
				4BF6258C2C63E06400FF77B9 /* FirebaseFunctionsCombine-Community */,
				4BF6258E2C63E06400FF77B9 /* FirebaseInAppMessaging-Beta */,
				4BF625902C63E06400FF77B9 /* FirebaseInstallations */,
				4BF625922C63E06400FF77B9 /* FirebaseMLModelDownloader */,
				4BF625942C63E06400FF77B9 /* FirebaseMessaging */,
				4BF625962C63E06400FF77B9 /* FirebasePerformance */,
				4BF625982C63E06400FF77B9 /* FirebaseRemoteConfig */,
				4BF6259A2C63E06400FF77B9 /* FirebaseStorage */,
				4BF6259C2C63E06400FF77B9 /* FirebaseStorageCombine-Community */,
				4BF6259E2C63E06400FF77B9 /* FirebaseVertexAI-Preview */,
			);
			productName = OnlineShop;
			productReference = 4BF625472C63D1B700FF77B9 /* OnlineShop.app */;
			productType = "com.apple.product-type.application";
		};
/* End PBXNativeTarget section */

/* Begin PBXProject section */
		4BF6253F2C63D1B700FF77B9 /* Project object */ = {
			isa = PBXProject;
			attributes = {
				BuildIndependentTargetsInParallel = 1;
				LastSwiftUpdateCheck = 1540;
				LastUpgradeCheck = 1540;
				TargetAttributes = {
					4BF625462C63D1B700FF77B9 = {
						CreatedOnToolsVersion = 15.4;
					};
				};
			};
			buildConfigurationList = 4BF625422C63D1B700FF77B9 /* Build configuration list for PBXProject "OnlineShop" */;
			compatibilityVersion = "Xcode 14.0";
			developmentRegion = en;
			hasScannedForEncodings = 0;
			knownRegions = (
				en,
				Base,
			);
			mainGroup = 4BF6253E2C63D1B700FF77B9;
			packageReferences = (
				4BF625712C63E06400FF77B9 /* XCRemoteSwiftPackageReference "firebase-ios-sdk" */,
			);
			productRefGroup = 4BF625482C63D1B700FF77B9 /* Products */;
			projectDirPath = "";
			projectRoot = "";
			targets = (
				4BF625462C63D1B700FF77B9 /* OnlineShop */,
			);
		};
/* End PBXProject section */

/* Begin PBXResourcesBuildPhase section */
		4BF625452C63D1B700FF77B9 /* Resources */ = {
			isa = PBXResourcesBuildPhase;
			buildActionMask = 2147483647;
			files = (
				4BF625522C63D1B800FF77B9 /* Preview Assets.xcassets in Resources */,
				4BF6254F2C63D1B800FF77B9 /* Assets.xcassets in Resources */,
				4BF625592C63D41900FF77B9 /* GoogleService-Info.plist in Resources */,
			);
			runOnlyForDeploymentPostprocessing = 0;
		};
/* End PBXResourcesBuildPhase section */

/* Begin PBXSourcesBuildPhase section */
		4BF625432C63D1B700FF77B9 /* Sources */ = {
			isa = PBXSourcesBuildPhase;
			buildActionMask = 2147483647;
			files = (
				4BF625A32C64FE1D00FF77B9 /* CartView.swift in Sources */,
				4BF625A12C64FE1200FF77B9 /* FavoritesView.swift in Sources */,
				4BF6254D2C63D1B700FF77B9 /* MainView.swift in Sources */,
				4BF6254B2C63D1B700FF77B9 /* OnlineShopApp.swift in Sources */,
				4BF625A52C64FFC400FF77B9 /* ProductCartView.swift in Sources */,
				4BF625A72C65062400FF77B9 /* CartImageView.swift in Sources */,
				4BF625662C63D84C00FF77B9 /* Product.swift in Sources */,
			);
			runOnlyForDeploymentPostprocessing = 0;
		};
/* End PBXSourcesBuildPhase section */

/* Begin XCBuildConfiguration section */
		4BF625532C63D1B800FF77B9 /* Debug */ = {
			isa = XCBuildConfiguration;
			buildSettings = {
				ALWAYS_SEARCH_USER_PATHS = NO;
				ASSETCATALOG_COMPILER_GENERATE_SWIFT_ASSET_SYMBOL_EXTENSIONS = YES;
				CLANG_ANALYZER_NONNULL = YES;
				CLANG_ANALYZER_NUMBER_OBJECT_CONVERSION = YES_AGGRESSIVE;
				CLANG_CXX_LANGUAGE_STANDARD = "gnu++20";
				CLANG_ENABLE_MODULES = YES;
				CLANG_ENABLE_OBJC_ARC = YES;
				CLANG_ENABLE_OBJC_WEAK = YES;
				CLANG_WARN_BLOCK_CAPTURE_AUTORELEASING = YES;
				CLANG_WARN_BOOL_CONVERSION = YES;
				CLANG_WARN_COMMA = YES;
				CLANG_WARN_CONSTANT_CONVERSION = YES;
				CLANG_WARN_DEPRECATED_OBJC_IMPLEMENTATIONS = YES;
				CLANG_WARN_DIRECT_OBJC_ISA_USAGE = YES_ERROR;
				CLANG_WARN_DOCUMENTATION_COMMENTS = YES;
				CLANG_WARN_EMPTY_BODY = YES;
				CLANG_WARN_ENUM_CONVERSION = YES;
				CLANG_WARN_INFINITE_RECURSION = YES;
				CLANG_WARN_INT_CONVERSION = YES;
				CLANG_WARN_NON_LITERAL_NULL_CONVERSION = YES;
				CLANG_WARN_OBJC_IMPLICIT_RETAIN_SELF = YES;
				CLANG_WARN_OBJC_LITERAL_CONVERSION = YES;
				CLANG_WARN_OBJC_ROOT_CLASS = YES_ERROR;
				CLANG_WARN_QUOTED_INCLUDE_IN_FRAMEWORK_HEADER = YES;
				CLANG_WARN_RANGE_LOOP_ANALYSIS = YES;
				CLANG_WARN_STRICT_PROTOTYPES = YES;
				CLANG_WARN_SUSPICIOUS_MOVE = YES;
				CLANG_WARN_UNGUARDED_AVAILABILITY = YES_AGGRESSIVE;
				CLANG_WARN_UNREACHABLE_CODE = YES;
				CLANG_WARN__DUPLICATE_METHOD_MATCH = YES;
				COPY_PHASE_STRIP = NO;
				DEBUG_INFORMATION_FORMAT = dwarf;
				ENABLE_STRICT_OBJC_MSGSEND = YES;
				ENABLE_TESTABILITY = YES;
				ENABLE_USER_SCRIPT_SANDBOXING = YES;
				GCC_C_LANGUAGE_STANDARD = gnu17;
				GCC_DYNAMIC_NO_PIC = NO;
				GCC_NO_COMMON_BLOCKS = YES;
				GCC_OPTIMIZATION_LEVEL = 0;
				GCC_PREPROCESSOR_DEFINITIONS = (
					"DEBUG=1",
					"$(inherited)",
				);
				GCC_WARN_64_TO_32_BIT_CONVERSION = YES;
				GCC_WARN_ABOUT_RETURN_TYPE = YES_ERROR;
				GCC_WARN_UNDECLARED_SELECTOR = YES;
				GCC_WARN_UNINITIALIZED_AUTOS = YES_AGGRESSIVE;
				GCC_WARN_UNUSED_FUNCTION = YES;
				GCC_WARN_UNUSED_VARIABLE = YES;
				IPHONEOS_DEPLOYMENT_TARGET = 17.5;
				LOCALIZATION_PREFERS_STRING_CATALOGS = YES;
				MTL_ENABLE_DEBUG_INFO = INCLUDE_SOURCE;
				MTL_FAST_MATH = YES;
				ONLY_ACTIVE_ARCH = YES;
				SDKROOT = iphoneos;
				SWIFT_ACTIVE_COMPILATION_CONDITIONS = "DEBUG $(inherited)";
				SWIFT_OPTIMIZATION_LEVEL = "-Onone";
			};
			name = Debug;
		};
		4BF625542C63D1B800FF77B9 /* Release */ = {
			isa = XCBuildConfiguration;
			buildSettings = {
				ALWAYS_SEARCH_USER_PATHS = NO;
				ASSETCATALOG_COMPILER_GENERATE_SWIFT_ASSET_SYMBOL_EXTENSIONS = YES;
				CLANG_ANALYZER_NONNULL = YES;
				CLANG_ANALYZER_NUMBER_OBJECT_CONVERSION = YES_AGGRESSIVE;
				CLANG_CXX_LANGUAGE_STANDARD = "gnu++20";
				CLANG_ENABLE_MODULES = YES;
				CLANG_ENABLE_OBJC_ARC = YES;
				CLANG_ENABLE_OBJC_WEAK = YES;
				CLANG_WARN_BLOCK_CAPTURE_AUTORELEASING = YES;
				CLANG_WARN_BOOL_CONVERSION = YES;
				CLANG_WARN_COMMA = YES;
				CLANG_WARN_CONSTANT_CONVERSION = YES;
				CLANG_WARN_DEPRECATED_OBJC_IMPLEMENTATIONS = YES;
				CLANG_WARN_DIRECT_OBJC_ISA_USAGE = YES_ERROR;
				CLANG_WARN_DOCUMENTATION_COMMENTS = YES;
				CLANG_WARN_EMPTY_BODY = YES;
				CLANG_WARN_ENUM_CONVERSION = YES;
				CLANG_WARN_INFINITE_RECURSION = YES;
				CLANG_WARN_INT_CONVERSION = YES;
				CLANG_WARN_NON_LITERAL_NULL_CONVERSION = YES;
				CLANG_WARN_OBJC_IMPLICIT_RETAIN_SELF = YES;
				CLANG_WARN_OBJC_LITERAL_CONVERSION = YES;
				CLANG_WARN_OBJC_ROOT_CLASS = YES_ERROR;
				CLANG_WARN_QUOTED_INCLUDE_IN_FRAMEWORK_HEADER = YES;
				CLANG_WARN_RANGE_LOOP_ANALYSIS = YES;
				CLANG_WARN_STRICT_PROTOTYPES = YES;
				CLANG_WARN_SUSPICIOUS_MOVE = YES;
				CLANG_WARN_UNGUARDED_AVAILABILITY = YES_AGGRESSIVE;
				CLANG_WARN_UNREACHABLE_CODE = YES;
				CLANG_WARN__DUPLICATE_METHOD_MATCH = YES;
				COPY_PHASE_STRIP = NO;
				DEBUG_INFORMATION_FORMAT = "dwarf-with-dsym";
				ENABLE_NS_ASSERTIONS = NO;
				ENABLE_STRICT_OBJC_MSGSEND = YES;
				ENABLE_USER_SCRIPT_SANDBOXING = YES;
				GCC_C_LANGUAGE_STANDARD = gnu17;
				GCC_NO_COMMON_BLOCKS = YES;
				GCC_WARN_64_TO_32_BIT_CONVERSION = YES;
				GCC_WARN_ABOUT_RETURN_TYPE = YES_ERROR;
				GCC_WARN_UNDECLARED_SELECTOR = YES;
				GCC_WARN_UNINITIALIZED_AUTOS = YES_AGGRESSIVE;
				GCC_WARN_UNUSED_FUNCTION = YES;
				GCC_WARN_UNUSED_VARIABLE = YES;
				IPHONEOS_DEPLOYMENT_TARGET = 17.5;
				LOCALIZATION_PREFERS_STRING_CATALOGS = YES;
				MTL_ENABLE_DEBUG_INFO = NO;
				MTL_FAST_MATH = YES;
				SDKROOT = iphoneos;
				SWIFT_COMPILATION_MODE = wholemodule;
				VALIDATE_PRODUCT = YES;
			};
			name = Release;
		};
		4BF625562C63D1B800FF77B9 /* Debug */ = {
			isa = XCBuildConfiguration;
			buildSettings = {
				ASSETCATALOG_COMPILER_APPICON_NAME = AppIcon;
				ASSETCATALOG_COMPILER_GLOBAL_ACCENT_COLOR_NAME = AccentColor;
				CODE_SIGN_STYLE = Automatic;
				CURRENT_PROJECT_VERSION = 1;
				DEVELOPMENT_ASSET_PATHS = "\"OnlineShop/Preview Content\"";
				DEVELOPMENT_TEAM = QT3T249ZHN;
				ENABLE_PREVIEWS = YES;
				GENERATE_INFOPLIST_FILE = YES;
				INFOPLIST_KEY_UIApplicationSceneManifest_Generation = YES;
				INFOPLIST_KEY_UIApplicationSupportsIndirectInputEvents = YES;
				INFOPLIST_KEY_UILaunchScreen_Generation = YES;
				INFOPLIST_KEY_UISupportedInterfaceOrientations = UIInterfaceOrientationPortrait;
				INFOPLIST_KEY_UISupportedInterfaceOrientations_iPad = "UIInterfaceOrientationLandscapeLeft UIInterfaceOrientationLandscapeRight UIInterfaceOrientationPortrait UIInterfaceOrientationPortraitUpsideDown";
				LD_RUNPATH_SEARCH_PATHS = (
					"$(inherited)",
					"@executable_path/Frameworks",
				);
				MARKETING_VERSION = 1.0;
				PRODUCT_BUNDLE_IDENTIFIER = com.mavrodimakis.OnlineShop;
				PRODUCT_NAME = "$(TARGET_NAME)";
				SUPPORTED_PLATFORMS = "iphoneos iphonesimulator";
				SUPPORTS_MACCATALYST = NO;
				SUPPORTS_MAC_DESIGNED_FOR_IPHONE_IPAD = NO;
				SUPPORTS_XR_DESIGNED_FOR_IPHONE_IPAD = NO;
				SWIFT_EMIT_LOC_STRINGS = YES;
				SWIFT_VERSION = 5.0;
				TARGETED_DEVICE_FAMILY = 1;
			};
			name = Debug;
		};
		4BF625572C63D1B800FF77B9 /* Release */ = {
			isa = XCBuildConfiguration;
			buildSettings = {
				ASSETCATALOG_COMPILER_APPICON_NAME = AppIcon;
				ASSETCATALOG_COMPILER_GLOBAL_ACCENT_COLOR_NAME = AccentColor;
				CODE_SIGN_STYLE = Automatic;
				CURRENT_PROJECT_VERSION = 1;
				DEVELOPMENT_ASSET_PATHS = "\"OnlineShop/Preview Content\"";
				DEVELOPMENT_TEAM = QT3T249ZHN;
				ENABLE_PREVIEWS = YES;
				GENERATE_INFOPLIST_FILE = YES;
				INFOPLIST_KEY_UIApplicationSceneManifest_Generation = YES;
				INFOPLIST_KEY_UIApplicationSupportsIndirectInputEvents = YES;
				INFOPLIST_KEY_UILaunchScreen_Generation = YES;
				INFOPLIST_KEY_UISupportedInterfaceOrientations = UIInterfaceOrientationPortrait;
				INFOPLIST_KEY_UISupportedInterfaceOrientations_iPad = "UIInterfaceOrientationLandscapeLeft UIInterfaceOrientationLandscapeRight UIInterfaceOrientationPortrait UIInterfaceOrientationPortraitUpsideDown";
				LD_RUNPATH_SEARCH_PATHS = (
					"$(inherited)",
					"@executable_path/Frameworks",
				);
				MARKETING_VERSION = 1.0;
				PRODUCT_BUNDLE_IDENTIFIER = com.mavrodimakis.OnlineShop;
				PRODUCT_NAME = "$(TARGET_NAME)";
				SUPPORTED_PLATFORMS = "iphoneos iphonesimulator";
				SUPPORTS_MACCATALYST = NO;
				SUPPORTS_MAC_DESIGNED_FOR_IPHONE_IPAD = NO;
				SUPPORTS_XR_DESIGNED_FOR_IPHONE_IPAD = NO;
				SWIFT_EMIT_LOC_STRINGS = YES;
				SWIFT_VERSION = 5.0;
				TARGETED_DEVICE_FAMILY = 1;
			};
			name = Release;
		};
/* End XCBuildConfiguration section */

/* Begin XCConfigurationList section */
		4BF625422C63D1B700FF77B9 /* Build configuration list for PBXProject "OnlineShop" */ = {
			isa = XCConfigurationList;
			buildConfigurations = (
				4BF625532C63D1B800FF77B9 /* Debug */,
				4BF625542C63D1B800FF77B9 /* Release */,
			);
			defaultConfigurationIsVisible = 0;
			defaultConfigurationName = Release;
		};
		4BF625552C63D1B800FF77B9 /* Build configuration list for PBXNativeTarget "OnlineShop" */ = {
			isa = XCConfigurationList;
			buildConfigurations = (
				4BF625562C63D1B800FF77B9 /* Debug */,
				4BF625572C63D1B800FF77B9 /* Release */,
			);
			defaultConfigurationIsVisible = 0;
			defaultConfigurationName = Release;
		};
/* End XCConfigurationList section */

/* Begin XCRemoteSwiftPackageReference section */
		4BF625712C63E06400FF77B9 /* XCRemoteSwiftPackageReference "firebase-ios-sdk" */ = {
			isa = XCRemoteSwiftPackageReference;
			repositoryURL = "https://github.com/firebase/firebase-ios-sdk";
			requirement = {
				kind = upToNextMajorVersion;
				minimumVersion = 11.0.0;
			};
		};
/* End XCRemoteSwiftPackageReference section */

/* Begin XCSwiftPackageProductDependency section */
		4BF625722C63E06400FF77B9 /* FirebaseAnalytics */ = {
			isa = XCSwiftPackageProductDependency;
			package = 4BF625712C63E06400FF77B9 /* XCRemoteSwiftPackageReference "firebase-ios-sdk" */;
			productName = FirebaseAnalytics;
		};
		4BF625742C63E06400FF77B9 /* FirebaseAnalyticsOnDeviceConversion */ = {
			isa = XCSwiftPackageProductDependency;
			package = 4BF625712C63E06400FF77B9 /* XCRemoteSwiftPackageReference "firebase-ios-sdk" */;
			productName = FirebaseAnalyticsOnDeviceConversion;
		};
		4BF625762C63E06400FF77B9 /* FirebaseAnalyticsWithoutAdIdSupport */ = {
			isa = XCSwiftPackageProductDependency;
			package = 4BF625712C63E06400FF77B9 /* XCRemoteSwiftPackageReference "firebase-ios-sdk" */;
			productName = FirebaseAnalyticsWithoutAdIdSupport;
		};
		4BF625782C63E06400FF77B9 /* FirebaseAppCheck */ = {
			isa = XCSwiftPackageProductDependency;
			package = 4BF625712C63E06400FF77B9 /* XCRemoteSwiftPackageReference "firebase-ios-sdk" */;
			productName = FirebaseAppCheck;
		};
		4BF6257A2C63E06400FF77B9 /* FirebaseAppDistribution-Beta */ = {
			isa = XCSwiftPackageProductDependency;
			package = 4BF625712C63E06400FF77B9 /* XCRemoteSwiftPackageReference "firebase-ios-sdk" */;
			productName = "FirebaseAppDistribution-Beta";
		};
		4BF6257C2C63E06400FF77B9 /* FirebaseAuth */ = {
			isa = XCSwiftPackageProductDependency;
			package = 4BF625712C63E06400FF77B9 /* XCRemoteSwiftPackageReference "firebase-ios-sdk" */;
			productName = FirebaseAuth;
		};
		4BF6257E2C63E06400FF77B9 /* FirebaseAuthCombine-Community */ = {
			isa = XCSwiftPackageProductDependency;
			package = 4BF625712C63E06400FF77B9 /* XCRemoteSwiftPackageReference "firebase-ios-sdk" */;
			productName = "FirebaseAuthCombine-Community";
		};
		4BF625802C63E06400FF77B9 /* FirebaseCrashlytics */ = {
			isa = XCSwiftPackageProductDependency;
			package = 4BF625712C63E06400FF77B9 /* XCRemoteSwiftPackageReference "firebase-ios-sdk" */;
			productName = FirebaseCrashlytics;
		};
		4BF625822C63E06400FF77B9 /* FirebaseDatabase */ = {
			isa = XCSwiftPackageProductDependency;
			package = 4BF625712C63E06400FF77B9 /* XCRemoteSwiftPackageReference "firebase-ios-sdk" */;
			productName = FirebaseDatabase;
		};
		4BF625842C63E06400FF77B9 /* FirebaseDynamicLinks */ = {
			isa = XCSwiftPackageProductDependency;
			package = 4BF625712C63E06400FF77B9 /* XCRemoteSwiftPackageReference "firebase-ios-sdk" */;
			productName = FirebaseDynamicLinks;
		};
		4BF625862C63E06400FF77B9 /* FirebaseFirestore */ = {
			isa = XCSwiftPackageProductDependency;
			package = 4BF625712C63E06400FF77B9 /* XCRemoteSwiftPackageReference "firebase-ios-sdk" */;
			productName = FirebaseFirestore;
		};
		4BF625882C63E06400FF77B9 /* FirebaseFirestoreCombine-Community */ = {
			isa = XCSwiftPackageProductDependency;
			package = 4BF625712C63E06400FF77B9 /* XCRemoteSwiftPackageReference "firebase-ios-sdk" */;
			productName = "FirebaseFirestoreCombine-Community";
		};
		4BF6258A2C63E06400FF77B9 /* FirebaseFunctions */ = {
			isa = XCSwiftPackageProductDependency;
			package = 4BF625712C63E06400FF77B9 /* XCRemoteSwiftPackageReference "firebase-ios-sdk" */;
			productName = FirebaseFunctions;
		};
		4BF6258C2C63E06400FF77B9 /* FirebaseFunctionsCombine-Community */ = {
			isa = XCSwiftPackageProductDependency;
			package = 4BF625712C63E06400FF77B9 /* XCRemoteSwiftPackageReference "firebase-ios-sdk" */;
			productName = "FirebaseFunctionsCombine-Community";
		};
		4BF6258E2C63E06400FF77B9 /* FirebaseInAppMessaging-Beta */ = {
			isa = XCSwiftPackageProductDependency;
			package = 4BF625712C63E06400FF77B9 /* XCRemoteSwiftPackageReference "firebase-ios-sdk" */;
			productName = "FirebaseInAppMessaging-Beta";
		};
		4BF625902C63E06400FF77B9 /* FirebaseInstallations */ = {
			isa = XCSwiftPackageProductDependency;
			package = 4BF625712C63E06400FF77B9 /* XCRemoteSwiftPackageReference "firebase-ios-sdk" */;
			productName = FirebaseInstallations;
		};
		4BF625922C63E06400FF77B9 /* FirebaseMLModelDownloader */ = {
			isa = XCSwiftPackageProductDependency;
			package = 4BF625712C63E06400FF77B9 /* XCRemoteSwiftPackageReference "firebase-ios-sdk" */;
			productName = FirebaseMLModelDownloader;
		};
		4BF625942C63E06400FF77B9 /* FirebaseMessaging */ = {
			isa = XCSwiftPackageProductDependency;
			package = 4BF625712C63E06400FF77B9 /* XCRemoteSwiftPackageReference "firebase-ios-sdk" */;
			productName = FirebaseMessaging;
		};
		4BF625962C63E06400FF77B9 /* FirebasePerformance */ = {
			isa = XCSwiftPackageProductDependency;
			package = 4BF625712C63E06400FF77B9 /* XCRemoteSwiftPackageReference "firebase-ios-sdk" */;
			productName = FirebasePerformance;
		};
		4BF625982C63E06400FF77B9 /* FirebaseRemoteConfig */ = {
			isa = XCSwiftPackageProductDependency;
			package = 4BF625712C63E06400FF77B9 /* XCRemoteSwiftPackageReference "firebase-ios-sdk" */;
			productName = FirebaseRemoteConfig;
		};
		4BF6259A2C63E06400FF77B9 /* FirebaseStorage */ = {
			isa = XCSwiftPackageProductDependency;
			package = 4BF625712C63E06400FF77B9 /* XCRemoteSwiftPackageReference "firebase-ios-sdk" */;
			productName = FirebaseStorage;
		};
		4BF6259C2C63E06400FF77B9 /* FirebaseStorageCombine-Community */ = {
			isa = XCSwiftPackageProductDependency;
			package = 4BF625712C63E06400FF77B9 /* XCRemoteSwiftPackageReference "firebase-ios-sdk" */;
			productName = "FirebaseStorageCombine-Community";
		};
		4BF6259E2C63E06400FF77B9 /* FirebaseVertexAI-Preview */ = {
			isa = XCSwiftPackageProductDependency;
			package = 4BF625712C63E06400FF77B9 /* XCRemoteSwiftPackageReference "firebase-ios-sdk" */;
			productName = "FirebaseVertexAI-Preview";
		};
/* End XCSwiftPackageProductDependency section */
	};
	rootObject = 4BF6253F2C63D1B700FF77B9 /* Project object */;
}
